
Microsoft Visual Studio Solution File, Format Version 12.00
# Visual Studio Version 17
VisualStudioVersion = 17.11.35312.102
MinimumVisualStudioVersion = 10.0.40219.1
Project("{FAE04EC0-301F-11D3-BF4B-00C04F79EFBC}") = "Nhom11MayTinh", "Nhom11MayTinh\Nhom11MayTinh.csproj", "{A2CE08B4-5391-435B-B611-3070CCF71DEC}"
EndProject
Global
	GlobalSection(SolutionConfigurationPlatforms) = preSolution
		Debug|Any CPU = Debug|Any CPU
		Release|Any CPU = Release|Any CPU
	EndGlobalSection
	GlobalSection(ProjectConfigurationPlatforms) = postSolution
		{A2CE08B4-5391-435B-B611-3070CCF71DEC}.Debug|Any CPU.ActiveCfg = Debug|Any CPU
		{A2CE08B4-5391-435B-B611-3070CCF71DEC}.Debug|Any CPU.Build.0 = Debug|Any CPU
		{A2CE08B4-5391-435B-B611-3070CCF71DEC}.Release|Any CPU.ActiveCfg = Release|Any CPU
		{A2CE08B4-5391-435B-B611-3070CCF71DEC}.Release|Any CPU.Build.0 = Release|Any CPU
	EndGlobalSection
	GlobalSection(SolutionProperties) = preSolution
		HideSolutionNode = FALSE
	EndGlobalSection
	GlobalSection(ExtensibilityGlobals) = postSolution
		SolutionGuid = {262DE6EA-7757-4729-A5B7-184D00024ADE}
	EndGlobalSection
EndGlobal
